
Microsoft Visual Studio Solution File, Format Version 12.00
# Visual Studio 15
VisualStudioVersion = 15.0.27703.2000
MinimumVisualStudioVersion = 10.0.40219.1
Project("{FAE04EC0-301F-11D3-BF4B-00C04F79EFBC}") = "BloodSugarAnalyser", "BloodSugarAnalyser\BloodSugarAnalyser.csproj", "{A0A904A2-5963-485F-8924-EF201E1E7EBA}"
EndProject
Global
	GlobalSection(SolutionConfigurationPlatforms) = preSolution
		Debug|Any CPU = Debug|Any CPU
		Release|Any CPU = Release|Any CPU
	EndGlobalSection
	GlobalSection(ProjectConfigurationPlatforms) = postSolution
		{A0A904A2-5963-485F-8924-EF201E1E7EBA}.Debug|Any CPU.ActiveCfg = Debug|Any CPU
		{A0A904A2-5963-485F-8924-EF201E1E7EBA}.Debug|Any CPU.Build.0 = Debug|Any CPU
		{A0A904A2-5963-485F-8924-EF201E1E7EBA}.Release|Any CPU.ActiveCfg = Release|Any CPU
		{A0A904A2-5963-485F-8924-EF201E1E7EBA}.Release|Any CPU.Build.0 = Release|Any CPU
	EndGlobalSection
	GlobalSection(SolutionProperties) = preSolution
		HideSolutionNode = FALSE
	EndGlobalSection
	GlobalSection(ExtensibilityGlobals) = postSolution
		SolutionGuid = {1349ED8E-08D6-4231-9AF1-4D75C7256E05}
	EndGlobalSection
EndGlobal
